
Microsoft Visual Studio Solution File, Format Version 12.00
# Visual Studio Version 17
VisualStudioVersion = 17.14.36429.23
MinimumVisualStudioVersion = 10.0.40219.1
Project("{FAE04EC0-301F-11D3-BF4B-00C04F79EFBC}") = "community-service-api", "community-service-api\community-service-api.csproj", "{9A1EF9F9-FDC6-4BC4-86B8-2817D120B96F}"
EndProject
Project("{2150E333-8FDC-42A3-9474-1A3956D46DE8}") = "Docker Files", "Docker Files", "{02EA681E-C7D8-13C7-8484-4AC65E1B71E8}"
	ProjectSection(SolutionItems) = preProject
		.dockerignore = .dockerignore
		community-service-api\Dockerfile = community-service-api\Dockerfile
	EndProjectSection
EndProject
Global
	GlobalSection(SolutionConfigurationPlatforms) = preSolution
		Debug|Any CPU = Debug|Any CPU
		Release|Any CPU = Release|Any CPU
	EndGlobalSection
	GlobalSection(ProjectConfigurationPlatforms) = postSolution
		{9A1EF9F9-FDC6-4BC4-86B8-2817D120B96F}.Debug|Any CPU.ActiveCfg = Debug|Any CPU
		{9A1EF9F9-FDC6-4BC4-86B8-2817D120B96F}.Debug|Any CPU.Build.0 = Debug|Any CPU
		{9A1EF9F9-FDC6-4BC4-86B8-2817D120B96F}.Release|Any CPU.ActiveCfg = Release|Any CPU
		{9A1EF9F9-FDC6-4BC4-86B8-2817D120B96F}.Release|Any CPU.Build.0 = Release|Any CPU
	EndGlobalSection
	GlobalSection(SolutionProperties) = preSolution
		HideSolutionNode = FALSE
	EndGlobalSection
	GlobalSection(ExtensibilityGlobals) = postSolution
		SolutionGuid = {AC50E3A8-F18B-4A1C-A72B-30B2761549D6}
	EndGlobalSection
EndGlobal
